// !$*UTF8*$!
{
	archiveVersion = 1;
	classes = {
	};
	objectVersion = 51;
	objects = {

/* Begin PBXBuildFile section */
		20A39F73DB1302920182CC94 /* Pods_MyNearByApp.framework in Frameworks */ = {isa = PBXBuildFile; fileRef = 88A9971D0B9960E69A150A9F /* Pods_MyNearByApp.framework */; };
		3570B03B2368CE9200D069ED /* Message.swift in Sources */ = {isa = PBXBuildFile; fileRef = 3570B03A2368CE9200D069ED /* Message.swift */; };
		3570B03D2368D1D400D069ED /* LocationManagerDelegate.swift in Sources */ = {isa = PBXBuildFile; fileRef = 3570B03C2368D1D400D069ED /* LocationManagerDelegate.swift */; };
		3570B03F2368DA0A00D069ED /* UserStore.swift in Sources */ = {isa = PBXBuildFile; fileRef = 3570B03E2368DA0A00D069ED /* UserStore.swift */; };
		3570B0432368E5C600D069ED /* VenueListCellViewModel.swift in Sources */ = {isa = PBXBuildFile; fileRef = 3570B0422368E5C600D069ED /* VenueListCellViewModel.swift */; };
		3570B0452368E63300D069ED /* UseCaseTests.swift in Sources */ = {isa = PBXBuildFile; fileRef = 3570B0442368E63300D069ED /* UseCaseTests.swift */; };
		3570B0492368E97300D069ED /* RepositoryTests.swift in Sources */ = {isa = PBXBuildFile; fileRef = 3570B0482368E97300D069ED /* RepositoryTests.swift */; };
		3570B04C2368EB8C00D069ED /* DataSourceTests.swift in Sources */ = {isa = PBXBuildFile; fileRef = 3570B04B2368EB8C00D069ED /* DataSourceTests.swift */; };
		3584D58F2366E3C200A3419E /* AppDelegate.swift in Sources */ = {isa = PBXBuildFile; fileRef = 3584D58E2366E3C200A3419E /* AppDelegate.swift */; };
		3584D5942366E3C200A3419E /* Main.storyboard in Resources */ = {isa = PBXBuildFile; fileRef = 3584D5922366E3C200A3419E /* Main.storyboard */; };
		3584D5962366E3C300A3419E /* Assets.xcassets in Resources */ = {isa = PBXBuildFile; fileRef = 3584D5952366E3C300A3419E /* Assets.xcassets */; };
		3584D5992366E3C300A3419E /* LaunchScreen.storyboard in Resources */ = {isa = PBXBuildFile; fileRef = 3584D5972366E3C300A3419E /* LaunchScreen.storyboard */; };
		3584D5A42366E3C300A3419E /* MyNearByAppTests.swift in Sources */ = {isa = PBXBuildFile; fileRef = 3584D5A32366E3C300A3419E /* MyNearByAppTests.swift */; };
		3584D5B12366FCE500A3419E /* EndPointRequest.swift in Sources */ = {isa = PBXBuildFile; fileRef = 3584D5B02366FCE500A3419E /* EndPointRequest.swift */; };
		3584D5B32366FEA700A3419E /* NetworkDefaults.swift in Sources */ = {isa = PBXBuildFile; fileRef = 3584D5B22366FEA700A3419E /* NetworkDefaults.swift */; };
		3584D5B52366FFBD00A3419E /* NetworkManager.swift in Sources */ = {isa = PBXBuildFile; fileRef = 3584D5B42366FFBD00A3419E /* NetworkManager.swift */; };
		3584D5BA2367012100A3419E /* URLSessionProtocol.swift in Sources */ = {isa = PBXBuildFile; fileRef = 3584D5B92367012100A3419E /* URLSessionProtocol.swift */; };
		3584D5BC236702BB00A3419E /* NetworkError.swift in Sources */ = {isa = PBXBuildFile; fileRef = 3584D5BB236702BB00A3419E /* NetworkError.swift */; };
		3584D5C023670E0000A3419E /* NetworkExtension.swift in Sources */ = {isa = PBXBuildFile; fileRef = 3584D5BF23670E0000A3419E /* NetworkExtension.swift */; };
		3584D5C22367271F00A3419E /* HTTPResponseTests.swift in Sources */ = {isa = PBXBuildFile; fileRef = 3584D5C12367271F00A3419E /* HTTPResponseTests.swift */; };
		3584D5C4236728C500A3419E /* NetworkErrorTest.swift in Sources */ = {isa = PBXBuildFile; fileRef = 3584D5C3236728C500A3419E /* NetworkErrorTest.swift */; };
		3584D5C6236729B000A3419E /* NetworkLoggerTests.swift in Sources */ = {isa = PBXBuildFile; fileRef = 3584D5C5236729B000A3419E /* NetworkLoggerTests.swift */; };
		3584D5CA23672A3100A3419E /* URLSessionMock.swift in Sources */ = {isa = PBXBuildFile; fileRef = 3584D5C823672A3100A3419E /* URLSessionMock.swift */; };
		3584D5CB23672A3100A3419E /* NetworkTest.json in Resources */ = {isa = PBXBuildFile; fileRef = 3584D5C923672A3100A3419E /* NetworkTest.json */; };
		3584D5CD23673AD800A3419E /* RequestProtocolTests.swift in Sources */ = {isa = PBXBuildFile; fileRef = 3584D5CC23673AD800A3419E /* RequestProtocolTests.swift */; };
		3584D5D82367404E00A3419E /* Location.swift in Sources */ = {isa = PBXBuildFile; fileRef = 3584D5CF2367404E00A3419E /* Location.swift */; };
		3584D5D92367404E00A3419E /* Icon.swift in Sources */ = {isa = PBXBuildFile; fileRef = 3584D5D02367404E00A3419E /* Icon.swift */; };
		3584D5DA2367404E00A3419E /* VenuePage.swift in Sources */ = {isa = PBXBuildFile; fileRef = 3584D5D12367404E00A3419E /* VenuePage.swift */; };
		3584D5DB2367404E00A3419E /* Venue.swift in Sources */ = {isa = PBXBuildFile; fileRef = 3584D5D22367404E00A3419E /* Venue.swift */; };
		3584D5DC2367404E00A3419E /* Meta.swift in Sources */ = {isa = PBXBuildFile; fileRef = 3584D5D32367404E00A3419E /* Meta.swift */; };
		3584D5DD2367404E00A3419E /* Response.swift in Sources */ = {isa = PBXBuildFile; fileRef = 3584D5D42367404E00A3419E /* Response.swift */; };
		3584D5DE2367404E00A3419E /* VenueResponse.swift in Sources */ = {isa = PBXBuildFile; fileRef = 3584D5D52367404E00A3419E /* VenueResponse.swift */; };
		3584D5DF2367404E00A3419E /* Category.swift in Sources */ = {isa = PBXBuildFile; fileRef = 3584D5D62367404E00A3419E /* Category.swift */; };
		3584D5E02367404E00A3419E /* LabeledLatLng.swift in Sources */ = {isa = PBXBuildFile; fileRef = 3584D5D72367404E00A3419E /* LabeledLatLng.swift */; };
		3584D5E62367466A00A3419E /* VenueListUseCase.swift in Sources */ = {isa = PBXBuildFile; fileRef = 3584D5E52367466A00A3419E /* VenueListUseCase.swift */; };
		3584D5E82367730A00A3419E /* VenuListDataRepository.swift in Sources */ = {isa = PBXBuildFile; fileRef = 3584D5E72367730A00A3419E /* VenuListDataRepository.swift */; };
		3584D5EE236782DA00A3419E /* VenueListViewModel.swift in Sources */ = {isa = PBXBuildFile; fileRef = 3584D5ED236782DA00A3419E /* VenueListViewModel.swift */; };
		3584D5F02367872100A3419E /* VenueListViewController.swift in Sources */ = {isa = PBXBuildFile; fileRef = 3584D5EF2367872100A3419E /* VenueListViewController.swift */; };
		3584D5F223678D3400A3419E /* VenueListTableViewCell.swift in Sources */ = {isa = PBXBuildFile; fileRef = 3584D5F123678D3400A3419E /* VenueListTableViewCell.swift */; };
		B347FF27EEF2329A3466C939 /* Pods_MyNearByApp_MyNearByAppTests.framework in Frameworks */ = {isa = PBXBuildFile; fileRef = 0F5B49B7DF74E968B43B8D74 /* Pods_MyNearByApp_MyNearByAppTests.framework */; };
/* End PBXBuildFile section */

/* Begin PBXContainerItemProxy section */
		3584D5A02366E3C300A3419E /* PBXContainerItemProxy */ = {
			isa = PBXContainerItemProxy;
			containerPortal = 3584D5832366E3C200A3419E /* Project object */;
			proxyType = 1;
			remoteGlobalIDString = 3584D58A2366E3C200A3419E;
			remoteInfo = MyNearByApp;
		};
/* End PBXContainerItemProxy section */

/* Begin PBXFileReference section */
		0F5B49B7DF74E968B43B8D74 /* Pods_MyNearByApp_MyNearByAppTests.framework */ = {isa = PBXFileReference; explicitFileType = wrapper.framework; includeInIndex = 0; path = Pods_MyNearByApp_MyNearByAppTests.framework; sourceTree = BUILT_PRODUCTS_DIR; };
		1B71D2279ECD82A28C94CFF9 /* Pods-MyNearByAppTests.release.xcconfig */ = {isa = PBXFileReference; includeInIndex = 1; lastKnownFileType = text.xcconfig; name = "Pods-MyNearByAppTests.release.xcconfig"; path = "Target Support Files/Pods-MyNearByAppTests/Pods-MyNearByAppTests.release.xcconfig"; sourceTree = "<group>"; };
		23DBECD10B1054C02FA8A2AA /* Pods-MyNearByApp.debug.xcconfig */ = {isa = PBXFileReference; includeInIndex = 1; lastKnownFileType = text.xcconfig; name = "Pods-MyNearByApp.debug.xcconfig"; path = "Target Support Files/Pods-MyNearByApp/Pods-MyNearByApp.debug.xcconfig"; sourceTree = "<group>"; };
		2928CEEB95113E3DE2C93ABD /* Pods-MyNearByApp-MyNearByAppTests.release.xcconfig */ = {isa = PBXFileReference; includeInIndex = 1; lastKnownFileType = text.xcconfig; name = "Pods-MyNearByApp-MyNearByAppTests.release.xcconfig"; path = "Target Support Files/Pods-MyNearByApp-MyNearByAppTests/Pods-MyNearByApp-MyNearByAppTests.release.xcconfig"; sourceTree = "<group>"; };
		3570B03A2368CE9200D069ED /* Message.swift */ = {isa = PBXFileReference; lastKnownFileType = sourcecode.swift; path = Message.swift; sourceTree = "<group>"; };
		3570B03C2368D1D400D069ED /* LocationManagerDelegate.swift */ = {isa = PBXFileReference; lastKnownFileType = sourcecode.swift; path = LocationManagerDelegate.swift; sourceTree = "<group>"; };
		3570B03E2368DA0A00D069ED /* UserStore.swift */ = {isa = PBXFileReference; lastKnownFileType = sourcecode.swift; path = UserStore.swift; sourceTree = "<group>"; };
		3570B0422368E5C600D069ED /* VenueListCellViewModel.swift */ = {isa = PBXFileReference; lastKnownFileType = sourcecode.swift; path = VenueListCellViewModel.swift; sourceTree = "<group>"; };
		3570B0442368E63300D069ED /* UseCaseTests.swift */ = {isa = PBXFileReference; lastKnownFileType = sourcecode.swift; path = UseCaseTests.swift; sourceTree = "<group>"; };
		3570B0482368E97300D069ED /* RepositoryTests.swift */ = {isa = PBXFileReference; lastKnownFileType = sourcecode.swift; path = RepositoryTests.swift; sourceTree = "<group>"; };
		3570B04B2368EB8C00D069ED /* DataSourceTests.swift */ = {isa = PBXFileReference; lastKnownFileType = sourcecode.swift; path = DataSourceTests.swift; sourceTree = "<group>"; };
		3584D58B2366E3C200A3419E /* MyNearByApp.app */ = {isa = PBXFileReference; explicitFileType = wrapper.application; includeInIndex = 0; path = MyNearByApp.app; sourceTree = BUILT_PRODUCTS_DIR; };
		3584D58E2366E3C200A3419E /* AppDelegate.swift */ = {isa = PBXFileReference; lastKnownFileType = sourcecode.swift; path = AppDelegate.swift; sourceTree = "<group>"; };
		3584D5932366E3C200A3419E /* Base */ = {isa = PBXFileReference; lastKnownFileType = file.storyboard; name = Base; path = Base.lproj/Main.storyboard; sourceTree = "<group>"; };
		3584D5952366E3C300A3419E /* Assets.xcassets */ = {isa = PBXFileReference; lastKnownFileType = folder.assetcatalog; path = Assets.xcassets; sourceTree = "<group>"; };
		3584D5982366E3C300A3419E /* Base */ = {isa = PBXFileReference; lastKnownFileType = file.storyboard; name = Base; path = Base.lproj/LaunchScreen.storyboard; sourceTree = "<group>"; };
		3584D59A2366E3C300A3419E /* Info.plist */ = {isa = PBXFileReference; lastKnownFileType = text.plist.xml; path = Info.plist; sourceTree = "<group>"; };
		3584D59F2366E3C300A3419E /* MyNearByAppTests.xctest */ = {isa = PBXFileReference; explicitFileType = wrapper.cfbundle; includeInIndex = 0; path = MyNearByAppTests.xctest; sourceTree = BUILT_PRODUCTS_DIR; };
		3584D5A32366E3C300A3419E /* MyNearByAppTests.swift */ = {isa = PBXFileReference; lastKnownFileType = sourcecode.swift; path = MyNearByAppTests.swift; sourceTree = "<group>"; };
		3584D5A52366E3C300A3419E /* Info.plist */ = {isa = PBXFileReference; lastKnownFileType = text.plist.xml; path = Info.plist; sourceTree = "<group>"; };
		3584D5B02366FCE500A3419E /* EndPointRequest.swift */ = {isa = PBXFileReference; lastKnownFileType = sourcecode.swift; path = EndPointRequest.swift; sourceTree = "<group>"; };
		3584D5B22366FEA700A3419E /* NetworkDefaults.swift */ = {isa = PBXFileReference; lastKnownFileType = sourcecode.swift; path = NetworkDefaults.swift; sourceTree = "<group>"; };
		3584D5B42366FFBD00A3419E /* NetworkManager.swift */ = {isa = PBXFileReference; lastKnownFileType = sourcecode.swift; path = NetworkManager.swift; sourceTree = "<group>"; };
		3584D5B92367012100A3419E /* URLSessionProtocol.swift */ = {isa = PBXFileReference; lastKnownFileType = sourcecode.swift; path = URLSessionProtocol.swift; sourceTree = "<group>"; };
		3584D5BB236702BB00A3419E /* NetworkError.swift */ = {isa = PBXFileReference; lastKnownFileType = sourcecode.swift; path = NetworkError.swift; sourceTree = "<group>"; };
		3584D5BF23670E0000A3419E /* NetworkExtension.swift */ = {isa = PBXFileReference; lastKnownFileType = sourcecode.swift; path = NetworkExtension.swift; sourceTree = "<group>"; };
		3584D5C12367271F00A3419E /* HTTPResponseTests.swift */ = {isa = PBXFileReference; fileEncoding = 4; lastKnownFileType = sourcecode.swift; path = HTTPResponseTests.swift; sourceTree = "<group>"; };
		3584D5C3236728C500A3419E /* NetworkErrorTest.swift */ = {isa = PBXFileReference; fileEncoding = 4; lastKnownFileType = sourcecode.swift; path = NetworkErrorTest.swift; sourceTree = "<group>"; };
		3584D5C5236729B000A3419E /* NetworkLoggerTests.swift */ = {isa = PBXFileReference; fileEncoding = 4; lastKnownFileType = sourcecode.swift; path = NetworkLoggerTests.swift; sourceTree = "<group>"; };
		3584D5C823672A3100A3419E /* URLSessionMock.swift */ = {isa = PBXFileReference; fileEncoding = 4; lastKnownFileType = sourcecode.swift; path = URLSessionMock.swift; sourceTree = "<group>"; };
		3584D5C923672A3100A3419E /* NetworkTest.json */ = {isa = PBXFileReference; fileEncoding = 4; lastKnownFileType = text.json; path = NetworkTest.json; sourceTree = "<group>"; };
		3584D5CC23673AD800A3419E /* RequestProtocolTests.swift */ = {isa = PBXFileReference; fileEncoding = 4; lastKnownFileType = sourcecode.swift; path = RequestProtocolTests.swift; sourceTree = "<group>"; };
		3584D5CF2367404E00A3419E /* Location.swift */ = {isa = PBXFileReference; fileEncoding = 4; lastKnownFileType = sourcecode.swift; path = Location.swift; sourceTree = "<group>"; };
		3584D5D02367404E00A3419E /* Icon.swift */ = {isa = PBXFileReference; fileEncoding = 4; lastKnownFileType = sourcecode.swift; path = Icon.swift; sourceTree = "<group>"; };
		3584D5D12367404E00A3419E /* VenuePage.swift */ = {isa = PBXFileReference; fileEncoding = 4; lastKnownFileType = sourcecode.swift; path = VenuePage.swift; sourceTree = "<group>"; };
		3584D5D22367404E00A3419E /* Venue.swift */ = {isa = PBXFileReference; fileEncoding = 4; lastKnownFileType = sourcecode.swift; path = Venue.swift; sourceTree = "<group>"; };
		3584D5D32367404E00A3419E /* Meta.swift */ = {isa = PBXFileReference; fileEncoding = 4; lastKnownFileType = sourcecode.swift; path = Meta.swift; sourceTree = "<group>"; };
		3584D5D42367404E00A3419E /* Response.swift */ = {isa = PBXFileReference; fileEncoding = 4; lastKnownFileType = sourcecode.swift; path = Response.swift; sourceTree = "<group>"; };
		3584D5D52367404E00A3419E /* VenueResponse.swift */ = {isa = PBXFileReference; fileEncoding = 4; lastKnownFileType = sourcecode.swift; path = VenueResponse.swift; sourceTree = "<group>"; };
		3584D5D62367404E00A3419E /* Category.swift */ = {isa = PBXFileReference; fileEncoding = 4; lastKnownFileType = sourcecode.swift; path = Category.swift; sourceTree = "<group>"; };
		3584D5D72367404E00A3419E /* LabeledLatLng.swift */ = {isa = PBXFileReference; fileEncoding = 4; lastKnownFileType = sourcecode.swift; path = LabeledLatLng.swift; sourceTree = "<group>"; };
		3584D5E52367466A00A3419E /* VenueListUseCase.swift */ = {isa = PBXFileReference; lastKnownFileType = sourcecode.swift; path = VenueListUseCase.swift; sourceTree = "<group>"; };
		3584D5E72367730A00A3419E /* VenuListDataRepository.swift */ = {isa = PBXFileReference; lastKnownFileType = sourcecode.swift; path = VenuListDataRepository.swift; sourceTree = "<group>"; };
		3584D5ED236782DA00A3419E /* VenueListViewModel.swift */ = {isa = PBXFileReference; lastKnownFileType = sourcecode.swift; path = VenueListViewModel.swift; sourceTree = "<group>"; };
		3584D5EF2367872100A3419E /* VenueListViewController.swift */ = {isa = PBXFileReference; lastKnownFileType = sourcecode.swift; path = VenueListViewController.swift; sourceTree = "<group>"; };
		3584D5F123678D3400A3419E /* VenueListTableViewCell.swift */ = {isa = PBXFileReference; lastKnownFileType = sourcecode.swift; path = VenueListTableViewCell.swift; sourceTree = "<group>"; };
		40B66C62A529BF86CE92E611 /* Pods-MyNearByApp-MyNearByAppTests.debug.xcconfig */ = {isa = PBXFileReference; includeInIndex = 1; lastKnownFileType = text.xcconfig; name = "Pods-MyNearByApp-MyNearByAppTests.debug.xcconfig"; path = "Target Support Files/Pods-MyNearByApp-MyNearByAppTests/Pods-MyNearByApp-MyNearByAppTests.debug.xcconfig"; sourceTree = "<group>"; };
		88A9971D0B9960E69A150A9F /* Pods_MyNearByApp.framework */ = {isa = PBXFileReference; explicitFileType = wrapper.framework; includeInIndex = 0; path = Pods_MyNearByApp.framework; sourceTree = BUILT_PRODUCTS_DIR; };
		B236D7F3136367576A9331D3 /* Pods-MyNearByAppTests.debug.xcconfig */ = {isa = PBXFileReference; includeInIndex = 1; lastKnownFileType = text.xcconfig; name = "Pods-MyNearByAppTests.debug.xcconfig"; path = "Target Support Files/Pods-MyNearByAppTests/Pods-MyNearByAppTests.debug.xcconfig"; sourceTree = "<group>"; };
		FC464A3B6C4D73AC04E88918 /* Pods-MyNearByApp.release.xcconfig */ = {isa = PBXFileReference; includeInIndex = 1; lastKnownFileType = text.xcconfig; name = "Pods-MyNearByApp.release.xcconfig"; path = "Target Support Files/Pods-MyNearByApp/Pods-MyNearByApp.release.xcconfig"; sourceTree = "<group>"; };
/* End PBXFileReference section */

/* Begin PBXFrameworksBuildPhase section */
		3584D5882366E3C200A3419E /* Frameworks */ = {
			isa = PBXFrameworksBuildPhase;
			buildActionMask = 2147483647;
			files = (
				20A39F73DB1302920182CC94 /* Pods_MyNearByApp.framework in Frameworks */,
			);
			runOnlyForDeploymentPostprocessing = 0;
		};
		3584D59C2366E3C300A3419E /* Frameworks */ = {
			isa = PBXFrameworksBuildPhase;
			buildActionMask = 2147483647;
			files = (
				B347FF27EEF2329A3466C939 /* Pods_MyNearByApp_MyNearByAppTests.framework in Frameworks */,
			);
			runOnlyForDeploymentPostprocessing = 0;
		};
/* End PBXFrameworksBuildPhase section */

/* Begin PBXGroup section */
		0624229E7218DDB30C72E288 /* Pods */ = {
			isa = PBXGroup;
			children = (
				23DBECD10B1054C02FA8A2AA /* Pods-MyNearByApp.debug.xcconfig */,
				FC464A3B6C4D73AC04E88918 /* Pods-MyNearByApp.release.xcconfig */,
				B236D7F3136367576A9331D3 /* Pods-MyNearByAppTests.debug.xcconfig */,
				1B71D2279ECD82A28C94CFF9 /* Pods-MyNearByAppTests.release.xcconfig */,
				40B66C62A529BF86CE92E611 /* Pods-MyNearByApp-MyNearByAppTests.debug.xcconfig */,
				2928CEEB95113E3DE2C93ABD /* Pods-MyNearByApp-MyNearByAppTests.release.xcconfig */,
			);
			path = Pods;
			sourceTree = "<group>";
		};
		3570B0392368CBF100D069ED /* Repository+dataSource */ = {
			isa = PBXGroup;
			children = (
				3584D5E72367730A00A3419E /* VenuListDataRepository.swift */,
			);
			path = "Repository+dataSource";
			sourceTree = "<group>";
		};
		3570B0402368E56400D069ED /* AppAssets */ = {
			isa = PBXGroup;
			children = (
				3570B03E2368DA0A00D069ED /* UserStore.swift */,
				3584D58E2366E3C200A3419E /* AppDelegate.swift */,
				3584D5952366E3C300A3419E /* Assets.xcassets */,
			);
			path = AppAssets;
			sourceTree = "<group>";
		};
		3570B0412368E59600D069ED /* UIModel */ = {
			isa = PBXGroup;
			children = (
				3570B03A2368CE9200D069ED /* Message.swift */,
				3570B0422368E5C600D069ED /* VenueListCellViewModel.swift */,
			);
			path = UIModel;
			sourceTree = "<group>";
		};
		3570B0462368E63800D069ED /* UseCaseTests */ = {
			isa = PBXGroup;
			children = (
				3570B0442368E63300D069ED /* UseCaseTests.swift */,
			);
			path = UseCaseTests;
			sourceTree = "<group>";
		};
		3570B0472368E95400D069ED /* RepoTests */ = {
			isa = PBXGroup;
			children = (
				3570B0482368E97300D069ED /* RepositoryTests.swift */,
			);
			path = RepoTests;
			sourceTree = "<group>";
		};
		3570B04A2368EB6A00D069ED /* DataSourceTests */ = {
			isa = PBXGroup;
			children = (
				3570B04B2368EB8C00D069ED /* DataSourceTests.swift */,
			);
			path = DataSourceTests;
			sourceTree = "<group>";
		};
		3584D5822366E3C200A3419E = {
			isa = PBXGroup;
			children = (
				3584D58D2366E3C200A3419E /* MyNearByApp */,
				3584D5A22366E3C300A3419E /* MyNearByAppTests */,
				3584D58C2366E3C200A3419E /* Products */,
				0624229E7218DDB30C72E288 /* Pods */,
				698122307A0BB3620DB4BA2B /* Frameworks */,
			);
			sourceTree = "<group>";
		};
		3584D58C2366E3C200A3419E /* Products */ = {
			isa = PBXGroup;
			children = (
				3584D58B2366E3C200A3419E /* MyNearByApp.app */,
				3584D59F2366E3C300A3419E /* MyNearByAppTests.xctest */,
			);
			name = Products;
			sourceTree = "<group>";
		};
		3584D58D2366E3C200A3419E /* MyNearByApp */ = {
			isa = PBXGroup;
			children = (
				3584D5AE2366F9DB00A3419E /* NetworkLayer */,
				3584D5E1236745C800A3419E /* VenuListScreen */,
				3570B0402368E56400D069ED /* AppAssets */,
				3584D59A2366E3C300A3419E /* Info.plist */,
			);
			path = MyNearByApp;
			sourceTree = "<group>";
		};
		3584D5A22366E3C300A3419E /* MyNearByAppTests */ = {
			isa = PBXGroup;
			children = (
				3570B04A2368EB6A00D069ED /* DataSourceTests */,
				3570B0472368E95400D069ED /* RepoTests */,
				3570B0462368E63800D069ED /* UseCaseTests */,
				3584D5AF2366F9E600A3419E /* NetworkLayerTests */,
				3584D5A32366E3C300A3419E /* MyNearByAppTests.swift */,
				3584D5A52366E3C300A3419E /* Info.plist */,
			);
			path = MyNearByAppTests;
			sourceTree = "<group>";
		};
		3584D5AE2366F9DB00A3419E /* NetworkLayer */ = {
			isa = PBXGroup;
			children = (
				3584D5CE2367404E00A3419E /* Models */,
				3584D5B82367006400A3419E /* Request */,
				3584D5B72367005500A3419E /* NetworkManager */,
				3584D5B62367002E00A3419E /* NetworkHelper */,
			);
			path = NetworkLayer;
			sourceTree = "<group>";
		};
		3584D5AF2366F9E600A3419E /* NetworkLayerTests */ = {
			isa = PBXGroup;
			children = (
				3584D5CC23673AD800A3419E /* RequestProtocolTests.swift */,
				3584D5C5236729B000A3419E /* NetworkLoggerTests.swift */,
				3584D5C12367271F00A3419E /* HTTPResponseTests.swift */,
				3584D5C3236728C500A3419E /* NetworkErrorTest.swift */,
				3584D5C7236729F700A3419E /* Mocking */,
			);
			path = NetworkLayerTests;
			sourceTree = "<group>";
		};
		3584D5B62367002E00A3419E /* NetworkHelper */ = {
			isa = PBXGroup;
			children = (
				3584D5B22366FEA700A3419E /* NetworkDefaults.swift */,
				3584D5B92367012100A3419E /* URLSessionProtocol.swift */,
				3584D5BB236702BB00A3419E /* NetworkError.swift */,
			);
			path = NetworkHelper;
			sourceTree = "<group>";
		};
		3584D5B72367005500A3419E /* NetworkManager */ = {
			isa = PBXGroup;
			children = (
				3584D5B42366FFBD00A3419E /* NetworkManager.swift */,
				3584D5BF23670E0000A3419E /* NetworkExtension.swift */,
			);
			path = NetworkManager;
			sourceTree = "<group>";
		};
		3584D5B82367006400A3419E /* Request */ = {
			isa = PBXGroup;
			children = (
				3584D5B02366FCE500A3419E /* EndPointRequest.swift */,
			);
			path = Request;
			sourceTree = "<group>";
		};
		3584D5C7236729F700A3419E /* Mocking */ = {
			isa = PBXGroup;
			children = (
				3584D5C823672A3100A3419E /* URLSessionMock.swift */,
				3584D5C923672A3100A3419E /* NetworkTest.json */,
			);
			path = Mocking;
			sourceTree = "<group>";
		};
		3584D5CE2367404E00A3419E /* Models */ = {
			isa = PBXGroup;
			children = (
				3584D5CF2367404E00A3419E /* Location.swift */,
				3584D5D02367404E00A3419E /* Icon.swift */,
				3584D5D12367404E00A3419E /* VenuePage.swift */,
				3584D5D22367404E00A3419E /* Venue.swift */,
				3584D5D32367404E00A3419E /* Meta.swift */,
				3584D5D42367404E00A3419E /* Response.swift */,
				3584D5D52367404E00A3419E /* VenueResponse.swift */,
				3584D5D62367404E00A3419E /* Category.swift */,
				3584D5D72367404E00A3419E /* LabeledLatLng.swift */,
			);
			name = Models;
			path = MyNearByApp/NetworkLayer/Models;
			sourceTree = SOURCE_ROOT;
		};
		3584D5E1236745C800A3419E /* VenuListScreen */ = {
			isa = PBXGroup;
			children = (
				3570B0412368E59600D069ED /* UIModel */,
				3570B0392368CBF100D069ED /* Repository+dataSource */,
				3584D5EC2367822B00A3419E /* VenuListBusinessUseCase */,
				3584D5EB2367820300A3419E /* VenueListViewModel */,
				3584D5EA236781F100A3419E /* VenueListViewController */,
				3584D5E9236781D700A3419E /* VenueListStoryBoard */,
			);
			path = VenuListScreen;
			sourceTree = "<group>";
		};
		3584D5E9236781D700A3419E /* VenueListStoryBoard */ = {
			isa = PBXGroup;
			children = (
				3584D5922366E3C200A3419E /* Main.storyboard */,
				3584D5972366E3C300A3419E /* LaunchScreen.storyboard */,
			);
			path = VenueListStoryBoard;
			sourceTree = "<group>";
		};
		3584D5EA236781F100A3419E /* VenueListViewController */ = {
			isa = PBXGroup;
			children = (
				3584D5EF2367872100A3419E /* VenueListViewController.swift */,
				3570B03C2368D1D400D069ED /* LocationManagerDelegate.swift */,
			);
			path = VenueListViewController;
			sourceTree = "<group>";
		};
		3584D5EB2367820300A3419E /* VenueListViewModel */ = {
			isa = PBXGroup;
			children = (
				3584D5ED236782DA00A3419E /* VenueListViewModel.swift */,
				3584D5F123678D3400A3419E /* VenueListTableViewCell.swift */,
			);
			path = VenueListViewModel;
			sourceTree = "<group>";
		};
		3584D5EC2367822B00A3419E /* VenuListBusinessUseCase */ = {
			isa = PBXGroup;
			children = (
				3584D5E52367466A00A3419E /* VenueListUseCase.swift */,
			);
			path = VenuListBusinessUseCase;
			sourceTree = "<group>";
		};
		698122307A0BB3620DB4BA2B /* Frameworks */ = {
			isa = PBXGroup;
			children = (
				88A9971D0B9960E69A150A9F /* Pods_MyNearByApp.framework */,
				0F5B49B7DF74E968B43B8D74 /* Pods_MyNearByApp_MyNearByAppTests.framework */,
			);
			name = Frameworks;
			sourceTree = "<group>";
		};
/* End PBXGroup section */

/* Begin PBXNativeTarget section */
		3584D58A2366E3C200A3419E /* MyNearByApp */ = {
			isa = PBXNativeTarget;
			buildConfigurationList = 3584D5A82366E3C300A3419E /* Build configuration list for PBXNativeTarget "MyNearByApp" */;
			buildPhases = (
				27D118363E70477219C243E7 /* [CP] Check Pods Manifest.lock */,
				3584D5872366E3C200A3419E /* Sources */,
				3584D5882366E3C200A3419E /* Frameworks */,
				3584D5892366E3C200A3419E /* Resources */,
				B536BFAA5034C8CC56C87A02 /* [CP] Embed Pods Frameworks */,
			);
			buildRules = (
			);
			dependencies = (
			);
			name = MyNearByApp;
			productName = MyNearByApp;
			productReference = 3584D58B2366E3C200A3419E /* MyNearByApp.app */;
			productType = "com.apple.product-type.application";
		};
		3584D59E2366E3C300A3419E /* MyNearByAppTests */ = {
			isa = PBXNativeTarget;
			buildConfigurationList = 3584D5AB2366E3C300A3419E /* Build configuration list for PBXNativeTarget "MyNearByAppTests" */;
			buildPhases = (
				1DA940421C1CD1F11B17064E /* [CP] Check Pods Manifest.lock */,
				3584D59B2366E3C300A3419E /* Sources */,
				3584D59C2366E3C300A3419E /* Frameworks */,
				3584D59D2366E3C300A3419E /* Resources */,
				82BB157D708C6823CB4C4259 /* [CP] Embed Pods Frameworks */,
			);
			buildRules = (
			);
			dependencies = (
				3584D5A12366E3C300A3419E /* PBXTargetDependency */,
			);
			name = MyNearByAppTests;
			productName = MyNearByAppTests;
			productReference = 3584D59F2366E3C300A3419E /* MyNearByAppTests.xctest */;
			productType = "com.apple.product-type.bundle.unit-test";
		};
/* End PBXNativeTarget section */

/* Begin PBXProject section */
		3584D5832366E3C200A3419E /* Project object */ = {
			isa = PBXProject;
			attributes = {
				LastSwiftUpdateCheck = 1030;
				LastUpgradeCheck = 1030;
				ORGANIZATIONNAME = "Ahmed Sultan";
				TargetAttributes = {
					3584D58A2366E3C200A3419E = {
						CreatedOnToolsVersion = 10.3;
					};
					3584D59E2366E3C300A3419E = {
						CreatedOnToolsVersion = 10.3;
						TestTargetID = 3584D58A2366E3C200A3419E;
					};
				};
			};
			buildConfigurationList = 3584D5862366E3C200A3419E /* Build configuration list for PBXProject "MyNearByApp" */;
			compatibilityVersion = "Xcode 9.3";
			developmentRegion = en;
			hasScannedForEncodings = 0;
			knownRegions = (
				en,
				Base,
			);
			mainGroup = 3584D5822366E3C200A3419E;
			productRefGroup = 3584D58C2366E3C200A3419E /* Products */;
			projectDirPath = "";
			projectRoot = "";
			targets = (
				3584D58A2366E3C200A3419E /* MyNearByApp */,
				3584D59E2366E3C300A3419E /* MyNearByAppTests */,
			);
		};
/* End PBXProject section */

/* Begin PBXResourcesBuildPhase section */
		3584D5892366E3C200A3419E /* Resources */ = {
			isa = PBXResourcesBuildPhase;
			buildActionMask = 2147483647;
			files = (
				3584D5992366E3C300A3419E /* LaunchScreen.storyboard in Resources */,
				3584D5962366E3C300A3419E /* Assets.xcassets in Resources */,
				3584D5942366E3C200A3419E /* Main.storyboard in Resources */,
			);
			runOnlyForDeploymentPostprocessing = 0;
		};
		3584D59D2366E3C300A3419E /* Resources */ = {
			isa = PBXResourcesBuildPhase;
			buildActionMask = 2147483647;
			files = (
				3584D5CB23672A3100A3419E /* NetworkTest.json in Resources */,
			);
			runOnlyForDeploymentPostprocessing = 0;
		};
/* End PBXResourcesBuildPhase section */

/* Begin PBXShellScriptBuildPhase section */
		1DA940421C1CD1F11B17064E /* [CP] Check Pods Manifest.lock */ = {
			isa = PBXShellScriptBuildPhase;
			buildActionMask = 2147483647;
			files = (
			);
			inputFileListPaths = (
			);
			inputPaths = (
				"${PODS_PODFILE_DIR_PATH}/Podfile.lock",
				"${PODS_ROOT}/Manifest.lock",
			);
			name = "[CP] Check Pods Manifest.lock";
			outputFileListPaths = (
			);
			outputPaths = (
				"$(DERIVED_FILE_DIR)/Pods-MyNearByApp-MyNearByAppTests-checkManifestLockResult.txt",
			);
			runOnlyForDeploymentPostprocessing = 0;
			shellPath = /bin/sh;
			shellScript = "diff \"${PODS_PODFILE_DIR_PATH}/Podfile.lock\" \"${PODS_ROOT}/Manifest.lock\" > /dev/null\nif [ $? != 0 ] ; then\n    # print error to STDERR\n    echo \"error: The sandbox is not in sync with the Podfile.lock. Run 'pod install' or update your CocoaPods installation.\" >&2\n    exit 1\nfi\n# This output is used by Xcode 'outputs' to avoid re-running this script phase.\necho \"SUCCESS\" > \"${SCRIPT_OUTPUT_FILE_0}\"\n";
			showEnvVarsInLog = 0;
		};
		27D118363E70477219C243E7 /* [CP] Check Pods Manifest.lock */ = {
			isa = PBXShellScriptBuildPhase;
			buildActionMask = 2147483647;
			files = (
			);
			inputFileListPaths = (
			);
			inputPaths = (
				"${PODS_PODFILE_DIR_PATH}/Podfile.lock",
				"${PODS_ROOT}/Manifest.lock",
			);
			name = "[CP] Check Pods Manifest.lock";
			outputFileListPaths = (
			);
			outputPaths = (
				"$(DERIVED_FILE_DIR)/Pods-MyNearByApp-checkManifestLockResult.txt",
			);
			runOnlyForDeploymentPostprocessing = 0;
			shellPath = /bin/sh;
			shellScript = "diff \"${PODS_PODFILE_DIR_PATH}/Podfile.lock\" \"${PODS_ROOT}/Manifest.lock\" > /dev/null\nif [ $? != 0 ] ; then\n    # print error to STDERR\n    echo \"error: The sandbox is not in sync with the Podfile.lock. Run 'pod install' or update your CocoaPods installation.\" >&2\n    exit 1\nfi\n# This output is used by Xcode 'outputs' to avoid re-running this script phase.\necho \"SUCCESS\" > \"${SCRIPT_OUTPUT_FILE_0}\"\n";
			showEnvVarsInLog = 0;
		};
		82BB157D708C6823CB4C4259 /* [CP] Embed Pods Frameworks */ = {
			isa = PBXShellScriptBuildPhase;
			buildActionMask = 2147483647;
			files = (
			);
			inputFileListPaths = (
				"${PODS_ROOT}/Target Support Files/Pods-MyNearByApp-MyNearByAppTests/Pods-MyNearByApp-MyNearByAppTests-frameworks-${CONFIGURATION}-input-files.xcfilelist",
			);
			name = "[CP] Embed Pods Frameworks";
			outputFileListPaths = (
				"${PODS_ROOT}/Target Support Files/Pods-MyNearByApp-MyNearByAppTests/Pods-MyNearByApp-MyNearByAppTests-frameworks-${CONFIGURATION}-output-files.xcfilelist",
			);
			runOnlyForDeploymentPostprocessing = 0;
			shellPath = /bin/sh;
			shellScript = "\"${PODS_ROOT}/Target Support Files/Pods-MyNearByApp-MyNearByAppTests/Pods-MyNearByApp-MyNearByAppTests-frameworks.sh\"\n";
			showEnvVarsInLog = 0;
		};
		B536BFAA5034C8CC56C87A02 /* [CP] Embed Pods Frameworks */ = {
			isa = PBXShellScriptBuildPhase;
			buildActionMask = 2147483647;
			files = (
			);
			inputFileListPaths = (
				"${PODS_ROOT}/Target Support Files/Pods-MyNearByApp/Pods-MyNearByApp-frameworks-${CONFIGURATION}-input-files.xcfilelist",
			);
			name = "[CP] Embed Pods Frameworks";
			outputFileListPaths = (
				"${PODS_ROOT}/Target Support Files/Pods-MyNearByApp/Pods-MyNearByApp-frameworks-${CONFIGURATION}-output-files.xcfilelist",
			);
			runOnlyForDeploymentPostprocessing = 0;
			shellPath = /bin/sh;
			shellScript = "\"${PODS_ROOT}/Target Support Files/Pods-MyNearByApp/Pods-MyNearByApp-frameworks.sh\"\n";
			showEnvVarsInLog = 0;
		};
/* End PBXShellScriptBuildPhase section */

/* Begin PBXSourcesBuildPhase section */
		3584D5872366E3C200A3419E /* Sources */ = {
			isa = PBXSourcesBuildPhase;
			buildActionMask = 2147483647;
			files = (
				3584D5DA2367404E00A3419E /* VenuePage.swift in Sources */,
				3584D5DB2367404E00A3419E /* Venue.swift in Sources */,
				3584D5C023670E0000A3419E /* NetworkExtension.swift in Sources */,
				3584D5BA2367012100A3419E /* URLSessionProtocol.swift in Sources */,
				3584D5BC236702BB00A3419E /* NetworkError.swift in Sources */,
				3584D5B12366FCE500A3419E /* EndPointRequest.swift in Sources */,
				3584D5DD2367404E00A3419E /* Response.swift in Sources */,
				3584D5DF2367404E00A3419E /* Category.swift in Sources */,
				3584D5D82367404E00A3419E /* Location.swift in Sources */,
				3584D5DE2367404E00A3419E /* VenueResponse.swift in Sources */,
				3584D5F02367872100A3419E /* VenueListViewController.swift in Sources */,
				3584D5B52366FFBD00A3419E /* NetworkManager.swift in Sources */,
				3584D5EE236782DA00A3419E /* VenueListViewModel.swift in Sources */,
				3584D5B32366FEA700A3419E /* NetworkDefaults.swift in Sources */,
				3584D5DC2367404E00A3419E /* Meta.swift in Sources */,
				3570B03F2368DA0A00D069ED /* UserStore.swift in Sources */,
				3584D5E02367404E00A3419E /* LabeledLatLng.swift in Sources */,
				3570B03B2368CE9200D069ED /* Message.swift in Sources */,
				3584D5D92367404E00A3419E /* Icon.swift in Sources */,
				3584D5E82367730A00A3419E /* VenuListDataRepository.swift in Sources */,
				3584D5E62367466A00A3419E /* VenueListUseCase.swift in Sources */,
				3584D58F2366E3C200A3419E /* AppDelegate.swift in Sources */,
				3570B0432368E5C600D069ED /* VenueListCellViewModel.swift in Sources */,
				3584D5F223678D3400A3419E /* VenueListTableViewCell.swift in Sources */,
				3570B03D2368D1D400D069ED /* LocationManagerDelegate.swift in Sources */,
			);
			runOnlyForDeploymentPostprocessing = 0;
		};
		3584D59B2366E3C300A3419E /* Sources */ = {
			isa = PBXSourcesBuildPhase;
			buildActionMask = 2147483647;
			files = (
				3584D5CA23672A3100A3419E /* URLSessionMock.swift in Sources */,
				3584D5C6236729B000A3419E /* NetworkLoggerTests.swift in Sources */,
				3584D5C4236728C500A3419E /* NetworkErrorTest.swift in Sources */,
				3570B04C2368EB8C00D069ED /* DataSourceTests.swift in Sources */,
				3570B0492368E97300D069ED /* RepositoryTests.swift in Sources */,
				3570B0452368E63300D069ED /* UseCaseTests.swift in Sources */,
				3584D5C22367271F00A3419E /* HTTPResponseTests.swift in Sources */,
				3584D5A42366E3C300A3419E /* MyNearByAppTests.swift in Sources */,
				3584D5CD23673AD800A3419E /* RequestProtocolTests.swift in Sources */,
			);
			runOnlyForDeploymentPostprocessing = 0;
		};
/* End PBXSourcesBuildPhase section */

/* Begin PBXTargetDependency section */
		3584D5A12366E3C300A3419E /* PBXTargetDependency */ = {
			isa = PBXTargetDependency;
			target = 3584D58A2366E3C200A3419E /* MyNearByApp */;
			targetProxy = 3584D5A02366E3C300A3419E /* PBXContainerItemProxy */;
		};
/* End PBXTargetDependency section */

/* Begin PBXVariantGroup section */
		3584D5922366E3C200A3419E /* Main.storyboard */ = {
			isa = PBXVariantGroup;
			children = (
				3584D5932366E3C200A3419E /* Base */,
			);
			name = Main.storyboard;
			sourceTree = "<group>";
		};
		3584D5972366E3C300A3419E /* LaunchScreen.storyboard */ = {
			isa = PBXVariantGroup;
			children = (
				3584D5982366E3C300A3419E /* Base */,
			);
			name = LaunchScreen.storyboard;
			sourceTree = "<group>";
		};
/* End PBXVariantGroup section */

/* Begin XCBuildConfiguration section */
		3584D5A62366E3C300A3419E /* Debug */ = {
			isa = XCBuildConfiguration;
			buildSettings = {
				ALWAYS_SEARCH_USER_PATHS = NO;
				CLANG_ANALYZER_NONNULL = YES;
				CLANG_ANALYZER_NUMBER_OBJECT_CONVERSION = YES_AGGRESSIVE;
				CLANG_CXX_LANGUAGE_STANDARD = "gnu++14";
				CLANG_CXX_LIBRARY = "libc++";
				CLANG_ENABLE_MODULES = YES;
				CLANG_ENABLE_OBJC_ARC = YES;
				CLANG_ENABLE_OBJC_WEAK = YES;
				CLANG_WARN_BLOCK_CAPTURE_AUTORELEASING = YES;
				CLANG_WARN_BOOL_CONVERSION = YES;
				CLANG_WARN_COMMA = YES;
				CLANG_WARN_CONSTANT_CONVERSION = YES;
				CLANG_WARN_DEPRECATED_OBJC_IMPLEMENTATIONS = YES;
				CLANG_WARN_DIRECT_OBJC_ISA_USAGE = YES_ERROR;
				CLANG_WARN_DOCUMENTATION_COMMENTS = YES;
				CLANG_WARN_EMPTY_BODY = YES;
				CLANG_WARN_ENUM_CONVERSION = YES;
				CLANG_WARN_INFINITE_RECURSION = YES;
				CLANG_WARN_INT_CONVERSION = YES;
				CLANG_WARN_NON_LITERAL_NULL_CONVERSION = YES;
				CLANG_WARN_OBJC_IMPLICIT_RETAIN_SELF = YES;
				CLANG_WARN_OBJC_LITERAL_CONVERSION = YES;
				CLANG_WARN_OBJC_ROOT_CLASS = YES_ERROR;
				CLANG_WARN_RANGE_LOOP_ANALYSIS = YES;
				CLANG_WARN_STRICT_PROTOTYPES = YES;
				CLANG_WARN_SUSPICIOUS_MOVE = YES;
				CLANG_WARN_UNGUARDED_AVAILABILITY = YES_AGGRESSIVE;
				CLANG_WARN_UNREACHABLE_CODE = YES;
				CLANG_WARN__DUPLICATE_METHOD_MATCH = YES;
				CODE_SIGN_IDENTITY = "iPhone Developer";
				COPY_PHASE_STRIP = NO;
				DEBUG_INFORMATION_FORMAT = dwarf;
				ENABLE_STRICT_OBJC_MSGSEND = YES;
				ENABLE_TESTABILITY = YES;
				GCC_C_LANGUAGE_STANDARD = gnu11;
				GCC_DYNAMIC_NO_PIC = NO;
				GCC_NO_COMMON_BLOCKS = YES;
				GCC_OPTIMIZATION_LEVEL = 0;
				GCC_PREPROCESSOR_DEFINITIONS = (
					"DEBUG=1",
					"$(inherited)",
				);
				GCC_WARN_64_TO_32_BIT_CONVERSION = YES;
				GCC_WARN_ABOUT_RETURN_TYPE = YES_ERROR;
				GCC_WARN_UNDECLARED_SELECTOR = YES;
				GCC_WARN_UNINITIALIZED_AUTOS = YES_AGGRESSIVE;
				GCC_WARN_UNUSED_FUNCTION = YES;
				GCC_WARN_UNUSED_VARIABLE = YES;
				IPHONEOS_DEPLOYMENT_TARGET = 12.4;
				MTL_ENABLE_DEBUG_INFO = INCLUDE_SOURCE;
				MTL_FAST_MATH = YES;
				ONLY_ACTIVE_ARCH = YES;
				SDKROOT = iphoneos;
				SWIFT_ACTIVE_COMPILATION_CONDITIONS = DEBUG;
				SWIFT_OPTIMIZATION_LEVEL = "-Onone";
			};
			name = Debug;
		};
		3584D5A72366E3C300A3419E /* Release */ = {
			isa = XCBuildConfiguration;
			buildSettings = {
				ALWAYS_SEARCH_USER_PATHS = NO;
				CLANG_ANALYZER_NONNULL = YES;
				CLANG_ANALYZER_NUMBER_OBJECT_CONVERSION = YES_AGGRESSIVE;
				CLANG_CXX_LANGUAGE_STANDARD = "gnu++14";
				CLANG_CXX_LIBRARY = "libc++";
				CLANG_ENABLE_MODULES = YES;
				CLANG_ENABLE_OBJC_ARC = YES;
				CLANG_ENABLE_OBJC_WEAK = YES;
				CLANG_WARN_BLOCK_CAPTURE_AUTORELEASING = YES;
				CLANG_WARN_BOOL_CONVERSION = YES;
				CLANG_WARN_COMMA = YES;
				CLANG_WARN_CONSTANT_CONVERSION = YES;
				CLANG_WARN_DEPRECATED_OBJC_IMPLEMENTATIONS = YES;
				CLANG_WARN_DIRECT_OBJC_ISA_USAGE = YES_ERROR;
				CLANG_WARN_DOCUMENTATION_COMMENTS = YES;
				CLANG_WARN_EMPTY_BODY = YES;
				CLANG_WARN_ENUM_CONVERSION = YES;
				CLANG_WARN_INFINITE_RECURSION = YES;
				CLANG_WARN_INT_CONVERSION = YES;
				CLANG_WARN_NON_LITERAL_NULL_CONVERSION = YES;
				CLANG_WARN_OBJC_IMPLICIT_RETAIN_SELF = YES;
				CLANG_WARN_OBJC_LITERAL_CONVERSION = YES;
				CLANG_WARN_OBJC_ROOT_CLASS = YES_ERROR;
				CLANG_WARN_RANGE_LOOP_ANALYSIS = YES;
				CLANG_WARN_STRICT_PROTOTYPES = YES;
				CLANG_WARN_SUSPICIOUS_MOVE = YES;
				CLANG_WARN_UNGUARDED_AVAILABILITY = YES_AGGRESSIVE;
				CLANG_WARN_UNREACHABLE_CODE = YES;
				CLANG_WARN__DUPLICATE_METHOD_MATCH = YES;
				CODE_SIGN_IDENTITY = "iPhone Developer";
				COPY_PHASE_STRIP = NO;
				DEBUG_INFORMATION_FORMAT = "dwarf-with-dsym";
				ENABLE_NS_ASSERTIONS = NO;
				ENABLE_STRICT_OBJC_MSGSEND = YES;
				GCC_C_LANGUAGE_STANDARD = gnu11;
				GCC_NO_COMMON_BLOCKS = YES;
				GCC_WARN_64_TO_32_BIT_CONVERSION = YES;
				GCC_WARN_ABOUT_RETURN_TYPE = YES_ERROR;
				GCC_WARN_UNDECLARED_SELECTOR = YES;
				GCC_WARN_UNINITIALIZED_AUTOS = YES_AGGRESSIVE;
				GCC_WARN_UNUSED_FUNCTION = YES;
				GCC_WARN_UNUSED_VARIABLE = YES;
				IPHONEOS_DEPLOYMENT_TARGET = 12.4;
				MTL_ENABLE_DEBUG_INFO = NO;
				MTL_FAST_MATH = YES;
				SDKROOT = iphoneos;
				SWIFT_COMPILATION_MODE = wholemodule;
				SWIFT_OPTIMIZATION_LEVEL = "-O";
				VALIDATE_PRODUCT = YES;
			};
			name = Release;
		};
		3584D5A92366E3C300A3419E /* Debug */ = {
			isa = XCBuildConfiguration;
			baseConfigurationReference = 23DBECD10B1054C02FA8A2AA /* Pods-MyNearByApp.debug.xcconfig */;
			buildSettings = {
				ASSETCATALOG_COMPILER_APPICON_NAME = AppIcon;
				CODE_SIGN_STYLE = Automatic;
				INFOPLIST_FILE = MyNearByApp/Info.plist;
				IPHONEOS_DEPLOYMENT_TARGET = 9.3;
				LD_RUNPATH_SEARCH_PATHS = (
					"$(inherited)",
					"@executable_path/Frameworks",
				);
				PRODUCT_BUNDLE_IDENTIFIER = com.hamza.dev.MyNearByApp;
				PRODUCT_NAME = "$(TARGET_NAME)";
				SWIFT_VERSION = 5.0;
				TARGETED_DEVICE_FAMILY = "1,2";
				client_id = DANSQAPH5IIJRBMGPGWS3S4M1ZRKLRA4Z44A1UXFORE1SYNG;
				client_secret = CVCFAPEUDCS0LPR2VW14DIR2Z1KZAAZD23XVMN12YZEIEKER;
				serverURL = "https://api.foursquare.com";
				v = 20190425;
			};
			name = Debug;
		};
		3584D5AA2366E3C300A3419E /* Release */ = {
			isa = XCBuildConfiguration;
			baseConfigurationReference = FC464A3B6C4D73AC04E88918 /* Pods-MyNearByApp.release.xcconfig */;
			buildSettings = {
				ASSETCATALOG_COMPILER_APPICON_NAME = AppIcon;
				CODE_SIGN_STYLE = Automatic;
				INFOPLIST_FILE = MyNearByApp/Info.plist;
				IPHONEOS_DEPLOYMENT_TARGET = 9.3;
				LD_RUNPATH_SEARCH_PATHS = (
					"$(inherited)",
					"@executable_path/Frameworks",
				);
				PRODUCT_BUNDLE_IDENTIFIER = com.hamza.dev.MyNearByApp;
				PRODUCT_NAME = "$(TARGET_NAME)";
				SWIFT_VERSION = 5.0;
				TARGETED_DEVICE_FAMILY = "1,2";
				client_id = DANSQAPH5IIJRBMGPGWS3S4M1ZRKLRA4Z44A1UXFORE1SYNG;
				client_secret = CVCFAPEUDCS0LPR2VW14DIR2Z1KZAAZD23XVMN12YZEIEKER;
				serverURL = "https://api.foursquare.com";
				v = 20190425;
			};
			name = Release;
		};
		3584D5AC2366E3C300A3419E /* Debug */ = {
			isa = XCBuildConfiguration;
			baseConfigurationReference = 40B66C62A529BF86CE92E611 /* Pods-MyNearByApp-MyNearByAppTests.debug.xcconfig */;
			buildSettings = {
				ALWAYS_EMBED_SWIFT_STANDARD_LIBRARIES = YES;
				BUNDLE_LOADER = "$(TEST_HOST)";
				CODE_SIGN_STYLE = Automatic;
				INFOPLIST_FILE = MyNearByAppTests/Info.plist;
				LD_RUNPATH_SEARCH_PATHS = (
					"$(inherited)",
					"@executable_path/Frameworks",
					"@loader_path/Frameworks",
				);
				PRODUCT_BUNDLE_IDENTIFIER = com.hamza.dev.MyNearByAppTests;
				PRODUCT_NAME = "$(TARGET_NAME)";
				SWIFT_VERSION = 5.0;
				TARGETED_DEVICE_FAMILY = "1,2";
				TEST_HOST = "$(BUILT_PRODUCTS_DIR)/MyNearByApp.app/MyNearByApp";
			};
			name = Debug;
		};
		3584D5AD2366E3C300A3419E /* Release */ = {
			isa = XCBuildConfiguration;
			baseConfigurationReference = 2928CEEB95113E3DE2C93ABD /* Pods-MyNearByApp-MyNearByAppTests.release.xcconfig */;
			buildSettings = {
				ALWAYS_EMBED_SWIFT_STANDARD_LIBRARIES = YES;
				BUNDLE_LOADER = "$(TEST_HOST)";
				CODE_SIGN_STYLE = Automatic;
				INFOPLIST_FILE = MyNearByAppTests/Info.plist;
				LD_RUNPATH_SEARCH_PATHS = (
					"$(inherited)",
					"@executable_path/Frameworks",
					"@loader_path/Frameworks",
				);
				PRODUCT_BUNDLE_IDENTIFIER = com.hamza.dev.MyNearByAppTests;
				PRODUCT_NAME = "$(TARGET_NAME)";
				SWIFT_VERSION = 5.0;
				TARGETED_DEVICE_FAMILY = "1,2";
				TEST_HOST = "$(BUILT_PRODUCTS_DIR)/MyNearByApp.app/MyNearByApp";
			};
			name = Release;
		};
/* End XCBuildConfiguration section */

/* Begin XCConfigurationList section */
		3584D5862366E3C200A3419E /* Build configuration list for PBXProject "MyNearByApp" */ = {
			isa = XCConfigurationList;
			buildConfigurations = (
				3584D5A62366E3C300A3419E /* Debug */,
				3584D5A72366E3C300A3419E /* Release */,
			);
			defaultConfigurationIsVisible = 0;
			defaultConfigurationName = Release;
		};
		3584D5A82366E3C300A3419E /* Build configuration list for PBXNativeTarget "MyNearByApp" */ = {
			isa = XCConfigurationList;
			buildConfigurations = (
				3584D5A92366E3C300A3419E /* Debug */,
				3584D5AA2366E3C300A3419E /* Release */,
			);
			defaultConfigurationIsVisible = 0;
			defaultConfigurationName = Release;
		};
		3584D5AB2366E3C300A3419E /* Build configuration list for PBXNativeTarget "MyNearByAppTests" */ = {
			isa = XCConfigurationList;
			buildConfigurations = (
				3584D5AC2366E3C300A3419E /* Debug */,
				3584D5AD2366E3C300A3419E /* Release */,
			);
			defaultConfigurationIsVisible = 0;
			defaultConfigurationName = Release;
		};
/* End XCConfigurationList section */
	};
	rootObject = 3584D5832366E3C200A3419E /* Project object */;
}
